dependencies:
- name: traefik
  repository: https://helm.traefik.io/traefik
  version: 10.24.3
- name: argo-cd
  repository: https://argoproj.github.io/argo-helm
  version: 2.11.0
digest: sha256:6b14f5fc607b52f53f6a56151bf0b3e8e9abd129c78c04bdc3599c708c4f4d3b
generated: "2022-09-27T17:15:15.18704+02:00"
